
Microsoft Visual Studio Solution File, Format Version 12.00
# Visual Studio 15
VisualStudioVersion = 15.0.28010.2016
MinimumVisualStudioVersion = 10.0.40219.1
Project("{FAE04EC0-301F-11D3-BF4B-00C04F79EFBC}") = "Task06.1", "Task06.1\Task06.1.csproj", "{60CE82DC-2A1D-4B14-8857-4AD0F6B0D9CD}"
EndProject
Project("{FAE04EC0-301F-11D3-BF4B-00C04F79EFBC}") = "Task06.2", "Task06.2\Task06.2.csproj", "{F89BE8EC-149A-43BE-8E08-3947BA9DB730}"
EndProject
Global
	GlobalSection(SolutionConfigurationPlatforms) = preSolution
		Debug|Any CPU = Debug|Any CPU
		Release|Any CPU = Release|Any CPU
	EndGlobalSection
	GlobalSection(ProjectConfigurationPlatforms) = postSolution
		{60CE82DC-2A1D-4B14-8857-4AD0F6B0D9CD}.Debug|Any CPU.ActiveCfg = Debug|Any CPU
		{60CE82DC-2A1D-4B14-8857-4AD0F6B0D9CD}.Debug|Any CPU.Build.0 = Debug|Any CPU
		{60CE82DC-2A1D-4B14-8857-4AD0F6B0D9CD}.Release|Any CPU.ActiveCfg = Release|Any CPU
		{60CE82DC-2A1D-4B14-8857-4AD0F6B0D9CD}.Release|Any CPU.Build.0 = Release|Any CPU
		{F89BE8EC-149A-43BE-8E08-3947BA9DB730}.Debug|Any CPU.ActiveCfg = Debug|Any CPU
		{F89BE8EC-149A-43BE-8E08-3947BA9DB730}.Debug|Any CPU.Build.0 = Debug|Any CPU
		{F89BE8EC-149A-43BE-8E08-3947BA9DB730}.Release|Any CPU.ActiveCfg = Release|Any CPU
		{F89BE8EC-149A-43BE-8E08-3947BA9DB730}.Release|Any CPU.Build.0 = Release|Any CPU
	EndGlobalSection
	GlobalSection(SolutionProperties) = preSolution
		HideSolutionNode = FALSE
	EndGlobalSection
	GlobalSection(ExtensibilityGlobals) = postSolution
		SolutionGuid = {F96E79F7-1225-4664-8296-79C163E16838}
	EndGlobalSection
EndGlobal
